// !$*UTF8*$!
{
	archiveVersion = 1;
	classes = {
	};
	objectVersion = 50;
	objects = {

/* Begin PBXBuildFile section */
		97C70C972427CB130041B48B /* AppDelegate.swift in Sources */ = {isa = PBXBuildFile; fileRef = 97C70C962427CB130041B48B /* AppDelegate.swift */; };
		97C70C992427CB130041B48B /* SceneDelegate.swift in Sources */ = {isa = PBXBuildFile; fileRef = 97C70C982427CB130041B48B /* SceneDelegate.swift */; };
		97C70C9E2427CB130041B48B /* Main.storyboard in Resources */ = {isa = PBXBuildFile; fileRef = 97C70C9C2427CB130041B48B /* Main.storyboard */; };
		97C70CA02427CB170041B48B /* Assets.xcassets in Resources */ = {isa = PBXBuildFile; fileRef = 97C70C9F2427CB170041B48B /* Assets.xcassets */; };
		97C70CA32427CB170041B48B /* LaunchScreen.storyboard in Resources */ = {isa = PBXBuildFile; fileRef = 97C70CA12427CB170041B48B /* LaunchScreen.storyboard */; };
		97C70CAB2427DB070041B48B /* DonutView.swift in Sources */ = {isa = PBXBuildFile; fileRef = 97C70CAA2427DB070041B48B /* DonutView.swift */; };
		97C70CAE242B17FE0041B48B /* ViewController.swift in Sources */ = {isa = PBXBuildFile; fileRef = 97C70CAC242B17370041B48B /* ViewController.swift */; };
/* End PBXBuildFile section */

/* Begin PBXFileReference section */
		97C70C932427CB130041B48B /* Donut View.app */ = {isa = PBXFileReference; explicitFileType = wrapper.application; includeInIndex = 0; path = "Donut View.app"; sourceTree = BUILT_PRODUCTS_DIR; };
		97C70C962427CB130041B48B /* AppDelegate.swift */ = {isa = PBXFileReference; lastKnownFileType = sourcecode.swift; path = AppDelegate.swift; sourceTree = "<group>"; };
		97C70C982427CB130041B48B /* SceneDelegate.swift */ = {isa = PBXFileReference; lastKnownFileType = sourcecode.swift; path = SceneDelegate.swift; sourceTree = "<group>"; };
		97C70C9D2427CB130041B48B /* Base */ = {isa = PBXFileReference; lastKnownFileType = file.storyboard; name = Base; path = Base.lproj/Main.storyboard; sourceTree = "<group>"; };
		97C70C9F2427CB170041B48B /* Assets.xcassets */ = {isa = PBXFileReference; lastKnownFileType = folder.assetcatalog; path = Assets.xcassets; sourceTree = "<group>"; };
		97C70CA22427CB170041B48B /* Base */ = {isa = PBXFileReference; lastKnownFileType = file.storyboard; name = Base; path = Base.lproj/LaunchScreen.storyboard; sourceTree = "<group>"; };
		97C70CA42427CB170041B48B /* Info.plist */ = {isa = PBXFileReference; lastKnownFileType = text.plist.xml; path = Info.plist; sourceTree = "<group>"; };
		97C70CAA2427DB070041B48B /* DonutView.swift */ = {isa = PBXFileReference; lastKnownFileType = sourcecode.swift; path = DonutView.swift; sourceTree = "<group>"; };
		97C70CAC242B17370041B48B /* ViewController.swift */ = {isa = PBXFileReference; fileEncoding = 4; lastKnownFileType = sourcecode.swift; path = ViewController.swift; sourceTree = "<group>"; };
/* End PBXFileReference section */

/* Begin PBXFrameworksBuildPhase section */
		97C70C902427CB130041B48B /* Frameworks */ = {
			isa = PBXFrameworksBuildPhase;
			buildActionMask = 2147483647;
			files = (
			);
			runOnlyForDeploymentPostprocessing = 0;
		};
/* End PBXFrameworksBuildPhase section */

/* Begin PBXGroup section */
		97C70C8A2427CB130041B48B = {
			isa = PBXGroup;
			children = (
				97C70C952427CB130041B48B /* Donut View */,
				97C70C942427CB130041B48B /* Products */,
			);
			sourceTree = "<group>";
		};
		97C70C942427CB130041B48B /* Products */ = {
			isa = PBXGroup;
			children = (
				97C70C932427CB130041B48B /* Donut View.app */,
			);
			name = Products;
			sourceTree = "<group>";
		};
		97C70C952427CB130041B48B /* Donut View */ = {
			isa = PBXGroup;
			children = (
				97C70C962427CB130041B48B /* AppDelegate.swift */,
				97C70CAC242B17370041B48B /* ViewController.swift */,
				97C70C982427CB130041B48B /* SceneDelegate.swift */,
				97C70C9C2427CB130041B48B /* Main.storyboard */,
				97C70CAA2427DB070041B48B /* DonutView.swift */,
				97C70C9F2427CB170041B48B /* Assets.xcassets */,
				97C70CA12427CB170041B48B /* LaunchScreen.storyboard */,
				97C70CA42427CB170041B48B /* Info.plist */,
			);
			path = "Donut View";
			sourceTree = "<group>";
		};
/* End PBXGroup section */

/* Begin PBXNativeTarget section */
		97C70C922427CB130041B48B /* Donut View */ = {
			isa = PBXNativeTarget;
			buildConfigurationList = 97C70CA72427CB170041B48B /* Build configuration list for PBXNativeTarget "Donut View" */;
			buildPhases = (
				97C70C8F2427CB130041B48B /* Sources */,
				97C70C902427CB130041B48B /* Frameworks */,
				97C70C912427CB130041B48B /* Resources */,
			);
			buildRules = (
			);
			dependencies = (
			);
			name = "Donut View";
			productName = JustACircle;
			productReference = 97C70C932427CB130041B48B /* Donut View.app */;
			productType = "com.apple.product-type.application";
		};
/* End PBXNativeTarget section */

/* Begin PBXProject section */
		97C70C8B2427CB130041B48B /* Project object */ = {
			isa = PBXProject;
			attributes = {
				LastSwiftUpdateCheck = 1130;
				LastUpgradeCheck = 1130;
				ORGANIZATIONNAME = "Anne Hanw";
				TargetAttributes = {
					97C70C922427CB130041B48B = {
						CreatedOnToolsVersion = 11.3.1;
					};
				};
			};
			buildConfigurationList = 97C70C8E2427CB130041B48B /* Build configuration list for PBXProject "Donut View" */;
			compatibilityVersion = "Xcode 9.3";
			developmentRegion = en;
			hasScannedForEncodings = 0;
			knownRegions = (
				en,
				Base,
			);
			mainGroup = 97C70C8A2427CB130041B48B;
			productRefGroup = 97C70C942427CB130041B48B /* Products */;
			projectDirPath = "";
			projectRoot = "";
			targets = (
				97C70C922427CB130041B48B /* Donut View */,
			);
		};
/* End PBXProject section */

/* Begin PBXResourcesBuildPhase section */
		97C70C912427CB130041B48B /* Resources */ = {
			isa = PBXResourcesBuildPhase;
			buildActionMask = 2147483647;
			files = (
				97C70CA32427CB170041B48B /* LaunchScreen.storyboard in Resources */,
				97C70CA02427CB170041B48B /* Assets.xcassets in Resources */,
				97C70C9E2427CB130041B48B /* Main.storyboard in Resources */,
			);
			runOnlyForDeploymentPostprocessing = 0;
		};
/* End PBXResourcesBuildPhase section */

/* Begin PBXSourcesBuildPhase section */
		97C70C8F2427CB130041B48B /* Sources */ = {
			isa = PBXSourcesBuildPhase;
			buildActionMask = 2147483647;
			files = (
				97C70CAE242B17FE0041B48B /* ViewController.swift in Sources */,
				97C70CAB2427DB070041B48B /* DonutView.swift in Sources */,
				97C70C972427CB130041B48B /* AppDelegate.swift in Sources */,
				97C70C992427CB130041B48B /* SceneDelegate.swift in Sources */,
			);
			runOnlyForDeploymentPostprocessing = 0;
		};
/* End PBXSourcesBuildPhase section */

/* Begin PBXVariantGroup section */
		97C70C9C2427CB130041B48B /* Main.storyboard */ = {
			isa = PBXVariantGroup;
			children = (
				97C70C9D2427CB130041B48B /* Base */,
			);
			name = Main.storyboard;
			sourceTree = "<group>";
		};
		97C70CA12427CB170041B48B /* LaunchScreen.storyboard */ = {
			isa = PBXVariantGroup;
			children = (
				97C70CA22427CB170041B48B /* Base */,
			);
			name = LaunchScreen.storyboard;
			sourceTree = "<group>";
		};
/* End PBXVariantGroup section */

/* Begin XCBuildConfiguration section */
		97C70CA52427CB170041B48B /* Debug */ = {
			isa = XCBuildConfiguration;
			buildSettings = {
				ALWAYS_SEARCH_USER_PATHS = NO;
				CLANG_ANALYZER_NONNULL = YES;
				CLANG_ANALYZER_NUMBER_OBJECT_CONVERSION = YES_AGGRESSIVE;
				CLANG_CXX_LANGUAGE_STANDARD = "gnu++14";
				CLANG_CXX_LIBRARY = "libc++";
				CLANG_ENABLE_MODULES = YES;
				CLANG_ENABLE_OBJC_ARC = YES;
				CLANG_ENABLE_OBJC_WEAK = YES;
				CLANG_WARN_BLOCK_CAPTURE_AUTORELEASING = YES;
				CLANG_WARN_BOOL_CONVERSION = YES;
				CLANG_WARN_COMMA = YES;
				CLANG_WARN_CONSTANT_CONVERSION = YES;
				CLANG_WARN_DEPRECATED_OBJC_IMPLEMENTATIONS = YES;
				CLANG_WARN_DIRECT_OBJC_ISA_USAGE = YES_ERROR;
				CLANG_WARN_DOCUMENTATION_COMMENTS = YES;
				CLANG_WARN_EMPTY_BODY = YES;
				CLANG_WARN_ENUM_CONVERSION = YES;
				CLANG_WARN_INFINITE_RECURSION = YES;
				CLANG_WARN_INT_CONVERSION = YES;
				CLANG_WARN_NON_LITERAL_NULL_CONVERSION = YES;
				CLANG_WARN_OBJC_IMPLICIT_RETAIN_SELF = YES;
				CLANG_WARN_OBJC_LITERAL_CONVERSION = YES;
				CLANG_WARN_OBJC_ROOT_CLASS = YES_ERROR;
				CLANG_WARN_RANGE_LOOP_ANALYSIS = YES;
				CLANG_WARN_STRICT_PROTOTYPES = YES;
				CLANG_WARN_SUSPICIOUS_MOVE = YES;
				CLANG_WARN_UNGUARDED_AVAILABILITY = YES_AGGRESSIVE;
				CLANG_WARN_UNREACHABLE_CODE = YES;
				CLANG_WARN__DUPLICATE_METHOD_MATCH = YES;
				COPY_PHASE_STRIP = NO;
				DEBUG_INFORMATION_FORMAT = dwarf;
				ENABLE_STRICT_OBJC_MSGSEND = YES;
				ENABLE_TESTABILITY = YES;
				GCC_C_LANGUAGE_STANDARD = gnu11;
				GCC_DYNAMIC_NO_PIC = NO;
				GCC_NO_COMMON_BLOCKS = YES;
				GCC_OPTIMIZATION_LEVEL = 0;
				GCC_PREPROCESSOR_DEFINITIONS = (
					"DEBUG=1",
					"$(inherited)",
				);
				GCC_WARN_64_TO_32_BIT_CONVERSION = YES;
				GCC_WARN_ABOUT_RETURN_TYPE = YES_ERROR;
				GCC_WARN_UNDECLARED_SELECTOR = YES;
				GCC_WARN_UNINITIALIZED_AUTOS = YES_AGGRESSIVE;
				GCC_WARN_UNUSED_FUNCTION = YES;
				GCC_WARN_UNUSED_VARIABLE = YES;
				IPHONEOS_DEPLOYMENT_TARGET = 13.2;
				MTL_ENABLE_DEBUG_INFO = INCLUDE_SOURCE;
				MTL_FAST_MATH = YES;
				ONLY_ACTIVE_ARCH = YES;
				SDKROOT = iphoneos;
				SWIFT_ACTIVE_COMPILATION_CONDITIONS = DEBUG;
				SWIFT_OPTIMIZATION_LEVEL = "-Onone";
			};
			name = Debug;
		};
		97C70CA62427CB170041B48B /* Release */ = {
			isa = XCBuildConfiguration;
			buildSettings = {
				ALWAYS_SEARCH_USER_PATHS = NO;
				CLANG_ANALYZER_NONNULL = YES;
				CLANG_ANALYZER_NUMBER_OBJECT_CONVERSION = YES_AGGRESSIVE;
				CLANG_CXX_LANGUAGE_STANDARD = "gnu++14";
				CLANG_CXX_LIBRARY = "libc++";
				CLANG_ENABLE_MODULES = YES;
				CLANG_ENABLE_OBJC_ARC = YES;
				CLANG_ENABLE_OBJC_WEAK = YES;
				CLANG_WARN_BLOCK_CAPTURE_AUTORELEASING = YES;
				CLANG_WARN_BOOL_CONVERSION = YES;
				CLANG_WARN_COMMA = YES;
				CLANG_WARN_CONSTANT_CONVERSION = YES;
				CLANG_WARN_DEPRECATED_OBJC_IMPLEMENTATIONS = YES;
				CLANG_WARN_DIRECT_OBJC_ISA_USAGE = YES_ERROR;
				CLANG_WARN_DOCUMENTATION_COMMENTS = YES;
				CLANG_WARN_EMPTY_BODY = YES;
				CLANG_WARN_ENUM_CONVERSION = YES;
				CLANG_WARN_INFINITE_RECURSION = YES;
				CLANG_WARN_INT_CONVERSION = YES;
				CLANG_WARN_NON_LITERAL_NULL_CONVERSION = YES;
				CLANG_WARN_OBJC_IMPLICIT_RETAIN_SELF = YES;
				CLANG_WARN_OBJC_LITERAL_CONVERSION = YES;
				CLANG_WARN_OBJC_ROOT_CLASS = YES_ERROR;
				CLANG_WARN_RANGE_LOOP_ANALYSIS = YES;
				CLANG_WARN_STRICT_PROTOTYPES = YES;
				CLANG_WARN_SUSPICIOUS_MOVE = YES;
				CLANG_WARN_UNGUARDED_AVAILABILITY = YES_AGGRESSIVE;
				CLANG_WARN_UNREACHABLE_CODE = YES;
				CLANG_WARN__DUPLICATE_METHOD_MATCH = YES;
				COPY_PHASE_STRIP = NO;
				DEBUG_INFORMATION_FORMAT = "dwarf-with-dsym";
				ENABLE_NS_ASSERTIONS = NO;
				ENABLE_STRICT_OBJC_MSGSEND = YES;
				GCC_C_LANGUAGE_STANDARD = gnu11;
				GCC_NO_COMMON_BLOCKS = YES;
				GCC_WARN_64_TO_32_BIT_CONVERSION = YES;
				GCC_WARN_ABOUT_RETURN_TYPE = YES_ERROR;
				GCC_WARN_UNDECLARED_SELECTOR = YES;
				GCC_WARN_UNINITIALIZED_AUTOS = YES_AGGRESSIVE;
				GCC_WARN_UNUSED_FUNCTION = YES;
				GCC_WARN_UNUSED_VARIABLE = YES;
				IPHONEOS_DEPLOYMENT_TARGET = 13.2;
				MTL_ENABLE_DEBUG_INFO = NO;
				MTL_FAST_MATH = YES;
				SDKROOT = iphoneos;
				SWIFT_COMPILATION_MODE = wholemodule;
				SWIFT_OPTIMIZATION_LEVEL = "-O";
				VALIDATE_PRODUCT = YES;
			};
			name = Release;
		};
		97C70CA82427CB170041B48B /* Debug */ = {
			isa = XCBuildConfiguration;
			buildSettings = {
				ASSETCATALOG_COMPILER_APPICON_NAME = AppIcon;
				CODE_SIGN_STYLE = Automatic;
				INFOPLIST_FILE = "Donut View/Info.plist";
				LD_RUNPATH_SEARCH_PATHS = (
					"$(inherited)",
					"@executable_path/Frameworks",
				);
				PRODUCT_BUNDLE_IDENTIFIER = "com.anne-hanw.DonutView";
				PRODUCT_NAME = "Donut View";
				SWIFT_VERSION = 5.0;
				TARGETED_DEVICE_FAMILY = "1,2";
			};
			name = Debug;
		};
		97C70CA92427CB170041B48B /* Release */ = {
			isa = XCBuildConfiguration;
			buildSettings = {
				ASSETCATALOG_COMPILER_APPICON_NAME = AppIcon;
				CODE_SIGN_STYLE = Automatic;
				INFOPLIST_FILE = "Donut View/Info.plist";
				LD_RUNPATH_SEARCH_PATHS = (
					"$(inherited)",
					"@executable_path/Frameworks",
				);
				PRODUCT_BUNDLE_IDENTIFIER = "com.anne-hanw.DonutView";
				PRODUCT_NAME = "Donut View";
				SWIFT_VERSION = 5.0;
				TARGETED_DEVICE_FAMILY = "1,2";
			};
			name = Release;
		};
/* End XCBuildConfiguration section */

/* Begin XCConfigurationList section */
		97C70C8E2427CB130041B48B /* Build configuration list for PBXProject "Donut View" */ = {
			isa = XCConfigurationList;
			buildConfigurations = (
				97C70CA52427CB170041B48B /* Debug */,
				97C70CA62427CB170041B48B /* Release */,
			);
			defaultConfigurationIsVisible = 0;
			defaultConfigurationName = Release;
		};
		97C70CA72427CB170041B48B /* Build configuration list for PBXNativeTarget "Donut View" */ = {
			isa = XCConfigurationList;
			buildConfigurations = (
				97C70CA82427CB170041B48B /* Debug */,
				97C70CA92427CB170041B48B /* Release */,
			);
			defaultConfigurationIsVisible = 0;
			defaultConfigurationName = Release;
		};
/* End XCConfigurationList section */
	};
	rootObject = 97C70C8B2427CB130041B48B /* Project object */;
}
